// !$*UTF8*$!
{
	archiveVersion = 1;
	classes = {
	};
	objectVersion = 46;
	objects = {

/* Begin PBXBuildFile section */
		5C15E7DD1E35645500545160 /* MeowViewController.m in Sources */ = {isa = PBXBuildFile; fileRef = 5C15E7DC1E35645500545160 /* MeowViewController.m */; };
		5C52B0BC1E3CF977002D43DF /* abc.png in Resources */ = {isa = PBXBuildFile; fileRef = 5C52B0BB1E3CF977002D43DF /* abc.png */; };
		5C7721E51E285344005FEA8A /* main.m in Sources */ = {isa = PBXBuildFile; fileRef = 5C7721E41E285344005FEA8A /* main.m */; };
		5C7721E81E285344005FEA8A /* AppDelegate.m in Sources */ = {isa = PBXBuildFile; fileRef = 5C7721E71E285344005FEA8A /* AppDelegate.m */; };
		5C7721EB1E285344005FEA8A /* ViewController.m in Sources */ = {isa = PBXBuildFile; fileRef = 5C7721EA1E285344005FEA8A /* ViewController.m */; };
		5C7721EE1E285345005FEA8A /* Main.storyboard in Resources */ = {isa = PBXBuildFile; fileRef = 5C7721EC1E285345005FEA8A /* Main.storyboard */; };
		5C7721F01E285345005FEA8A /* Assets.xcassets in Resources */ = {isa = PBXBuildFile; fileRef = 5C7721EF1E285345005FEA8A /* Assets.xcassets */; };
		5C7721F31E285345005FEA8A /* LaunchScreen.storyboard in Resources */ = {isa = PBXBuildFile; fileRef = 5C7721F11E285345005FEA8A /* LaunchScreen.storyboard */; };
		5C7721FD1E285458005FEA8A /* JSONParser.m in Sources */ = {isa = PBXBuildFile; fileRef = 5C7721FC1E285458005FEA8A /* JSONParser.m */; };
		C2F5E8D43554CDA712BE419B /* libPods-randomgiphy.a in Frameworks */ = {isa = PBXBuildFile; fileRef = 367F418E3F0A0F04C83ADE5D /* libPods-randomgiphy.a */; };
/* End PBXBuildFile section */

/* Begin PBXFileReference section */
		367F418E3F0A0F04C83ADE5D /* libPods-randomgiphy.a */ = {isa = PBXFileReference; explicitFileType = archive.ar; includeInIndex = 0; path = "libPods-randomgiphy.a"; sourceTree = BUILT_PRODUCTS_DIR; };
		5C15E7DB1E35645500545160 /* MeowViewController.h */ = {isa = PBXFileReference; fileEncoding = 4; lastKnownFileType = sourcecode.c.h; path = MeowViewController.h; sourceTree = "<group>"; };
		5C15E7DC1E35645500545160 /* MeowViewController.m */ = {isa = PBXFileReference; fileEncoding = 4; lastKnownFileType = sourcecode.c.objc; path = MeowViewController.m; sourceTree = "<group>"; };
		5C52B0BB1E3CF977002D43DF /* abc.png */ = {isa = PBXFileReference; lastKnownFileType = image.png; path = abc.png; sourceTree = "<group>"; };
		5C7721E01E285344005FEA8A /* randomgiphy.app */ = {isa = PBXFileReference; explicitFileType = wrapper.application; includeInIndex = 0; path = randomgiphy.app; sourceTree = BUILT_PRODUCTS_DIR; };
		5C7721E41E285344005FEA8A /* main.m */ = {isa = PBXFileReference; lastKnownFileType = sourcecode.c.objc; path = main.m; sourceTree = "<group>"; };
		5C7721E61E285344005FEA8A /* AppDelegate.h */ = {isa = PBXFileReference; lastKnownFileType = sourcecode.c.h; path = AppDelegate.h; sourceTree = "<group>"; };
		5C7721E71E285344005FEA8A /* AppDelegate.m */ = {isa = PBXFileReference; lastKnownFileType = sourcecode.c.objc; path = AppDelegate.m; sourceTree = "<group>"; };
		5C7721E91E285344005FEA8A /* ViewController.h */ = {isa = PBXFileReference; lastKnownFileType = sourcecode.c.h; path = ViewController.h; sourceTree = "<group>"; };
		5C7721EA1E285344005FEA8A /* ViewController.m */ = {isa = PBXFileReference; lastKnownFileType = sourcecode.c.objc; path = ViewController.m; sourceTree = "<group>"; };
		5C7721ED1E285345005FEA8A /* Base */ = {isa = PBXFileReference; lastKnownFileType = file.storyboard; name = Base; path = Base.lproj/Main.storyboard; sourceTree = "<group>"; };
		5C7721EF1E285345005FEA8A /* Assets.xcassets */ = {isa = PBXFileReference; lastKnownFileType = folder.assetcatalog; path = Assets.xcassets; sourceTree = "<group>"; };
		5C7721F21E285345005FEA8A /* Base */ = {isa = PBXFileReference; lastKnownFileType = file.storyboard; name = Base; path = Base.lproj/LaunchScreen.storyboard; sourceTree = "<group>"; };
		5C7721F41E285345005FEA8A /* Info.plist */ = {isa = PBXFileReference; lastKnownFileType = text.plist.xml; path = Info.plist; sourceTree = "<group>"; };
		5C7721FB1E285458005FEA8A /* JSONParser.h */ = {isa = PBXFileReference; fileEncoding = 4; lastKnownFileType = sourcecode.c.h; path = JSONParser.h; sourceTree = "<group>"; };
		5C7721FC1E285458005FEA8A /* JSONParser.m */ = {isa = PBXFileReference; fileEncoding = 4; lastKnownFileType = sourcecode.c.objc; path = JSONParser.m; sourceTree = "<group>"; };
		DF6FB25924D50A8ACF0F0E87 /* Pods-randomgiphy.debug.xcconfig */ = {isa = PBXFileReference; includeInIndex = 1; lastKnownFileType = text.xcconfig; name = "Pods-randomgiphy.debug.xcconfig"; path = "Pods/Target Support Files/Pods-randomgiphy/Pods-randomgiphy.debug.xcconfig"; sourceTree = "<group>"; };
		EB8775EC1C1FD5D55196BBA7 /* Pods-randomgiphy.release.xcconfig */ = {isa = PBXFileReference; includeInIndex = 1; lastKnownFileType = text.xcconfig; name = "Pods-randomgiphy.release.xcconfig"; path = "Pods/Target Support Files/Pods-randomgiphy/Pods-randomgiphy.release.xcconfig"; sourceTree = "<group>"; };
/* End PBXFileReference section */

/* Begin PBXFrameworksBuildPhase section */
		5C7721DD1E285344005FEA8A /* Frameworks */ = {
			isa = PBXFrameworksBuildPhase;
			buildActionMask = 2147483647;
			files = (
				C2F5E8D43554CDA712BE419B /* libPods-randomgiphy.a in Frameworks */,
			);
			runOnlyForDeploymentPostprocessing = 0;
		};
/* End PBXFrameworksBuildPhase section */

/* Begin PBXGroup section */
		225D8B7DCE51DE70FDFE1B3F /* Frameworks */ = {
			isa = PBXGroup;
			children = (
				367F418E3F0A0F04C83ADE5D /* libPods-randomgiphy.a */,
			);
			name = Frameworks;
			sourceTree = "<group>";
		};
		29F158BEB4C413D8C08F19DE /* Pods */ = {
			isa = PBXGroup;
			children = (
				DF6FB25924D50A8ACF0F0E87 /* Pods-randomgiphy.debug.xcconfig */,
				EB8775EC1C1FD5D55196BBA7 /* Pods-randomgiphy.release.xcconfig */,
			);
			name = Pods;
			sourceTree = "<group>";
		};
		5C7721D71E285344005FEA8A = {
			isa = PBXGroup;
			children = (
				5C7721E21E285344005FEA8A /* randomgiphy */,
				5C7721E11E285344005FEA8A /* Products */,
				29F158BEB4C413D8C08F19DE /* Pods */,
				225D8B7DCE51DE70FDFE1B3F /* Frameworks */,
			);
			sourceTree = "<group>";
		};
		5C7721E11E285344005FEA8A /* Products */ = {
			isa = PBXGroup;
			children = (
				5C7721E01E285344005FEA8A /* randomgiphy.app */,
			);
			name = Products;
			sourceTree = "<group>";
		};
		5C7721E21E285344005FEA8A /* randomgiphy */ = {
			isa = PBXGroup;
			children = (
				5C7721E61E285344005FEA8A /* AppDelegate.h */,
				5C7721E71E285344005FEA8A /* AppDelegate.m */,
				5C7721FA1E285436005FEA8A /* JsonParser */,
				5C7721E91E285344005FEA8A /* ViewController.h */,
				5C7721EA1E285344005FEA8A /* ViewController.m */,
				5C7721EC1E285345005FEA8A /* Main.storyboard */,
				5C15E7DB1E35645500545160 /* MeowViewController.h */,
				5C15E7DC1E35645500545160 /* MeowViewController.m */,
				5C7721EF1E285345005FEA8A /* Assets.xcassets */,
				5C7721F11E285345005FEA8A /* LaunchScreen.storyboard */,
				5C7721F41E285345005FEA8A /* Info.plist */,
				5C52B0BB1E3CF977002D43DF /* abc.png */,
				5C7721E31E285344005FEA8A /* Supporting Files */,
			);
			path = randomgiphy;
			sourceTree = "<group>";
		};
		5C7721E31E285344005FEA8A /* Supporting Files */ = {
			isa = PBXGroup;
			children = (
				5C7721E41E285344005FEA8A /* main.m */,
			);
			name = "Supporting Files";
			sourceTree = "<group>";
		};
		5C7721FA1E285436005FEA8A /* JsonParser */ = {
			isa = PBXGroup;
			children = (
				5C7721FB1E285458005FEA8A /* JSONParser.h */,
				5C7721FC1E285458005FEA8A /* JSONParser.m */,
			);
			name = JsonParser;
			sourceTree = "<group>";
		};
/* End PBXGroup section */

/* Begin PBXNativeTarget section */
		5C7721DF1E285344005FEA8A /* randomgiphy */ = {
			isa = PBXNativeTarget;
			buildConfigurationList = 5C7721F71E285345005FEA8A /* Build configuration list for PBXNativeTarget "randomgiphy" */;
			buildPhases = (
				A062D9154B1BD075ED708592 /* [CP] Check Pods Manifest.lock */,
				5C7721DC1E285344005FEA8A /* Sources */,
				5C7721DD1E285344005FEA8A /* Frameworks */,
				5C7721DE1E285344005FEA8A /* Resources */,
				36A5BAFA04B39C7DBDD12BB6 /* [CP] Embed Pods Frameworks */,
				D2251B5141BE25D1503A3219 /* [CP] Copy Pods Resources */,
			);
			buildRules = (
			);
			dependencies = (
			);
			name = randomgiphy;
			productName = randomgiphy;
			productReference = 5C7721E01E285344005FEA8A /* randomgiphy.app */;
			productType = "com.apple.product-type.application";
		};
/* End PBXNativeTarget section */

/* Begin PBXProject section */
		5C7721D81E285344005FEA8A /* Project object */ = {
			isa = PBXProject;
			attributes = {
				LastUpgradeCheck = 0820;
				ORGANIZATIONNAME = Rocky;
				TargetAttributes = {
					5C7721DF1E285344005FEA8A = {
						CreatedOnToolsVersion = 8.2.1;
						DevelopmentTeam = 39XXES98DU;
						ProvisioningStyle = Automatic;
					};
				};
			};
			buildConfigurationList = 5C7721DB1E285344005FEA8A /* Build configuration list for PBXProject "randomgiphy" */;
			compatibilityVersion = "Xcode 3.2";
			developmentRegion = English;
			hasScannedForEncodings = 0;
			knownRegions = (
				en,
				Base,
			);
			mainGroup = 5C7721D71E285344005FEA8A;
			productRefGroup = 5C7721E11E285344005FEA8A /* Products */;
			projectDirPath = "";
			projectRoot = "";
			targets = (
				5C7721DF1E285344005FEA8A /* randomgiphy */,
			);
		};
/* End PBXProject section */

/* Begin PBXResourcesBuildPhase section */
		5C7721DE1E285344005FEA8A /* Resources */ = {
			isa = PBXResourcesBuildPhase;
			buildActionMask = 2147483647;
			files = (
				5C52B0BC1E3CF977002D43DF /* abc.png in Resources */,
				5C7721F31E285345005FEA8A /* LaunchScreen.storyboard in Resources */,
				5C7721F01E285345005FEA8A /* Assets.xcassets in Resources */,
				5C7721EE1E285345005FEA8A /* Main.storyboard in Resources */,
			);
			runOnlyForDeploymentPostprocessing = 0;
		};
/* End PBXResourcesBuildPhase section */

/* Begin PBXShellScriptBuildPhase section */
		36A5BAFA04B39C7DBDD12BB6 /* [CP] Embed Pods Frameworks */ = {
			isa = PBXShellScriptBuildPhase;
			buildActionMask = 2147483647;
			files = (
			);
			inputPaths = (
			);
			name = "[CP] Embed Pods Frameworks";
			outputPaths = (
			);
			runOnlyForDeploymentPostprocessing = 0;
			shellPath = /bin/sh;
			shellScript = "\"${SRCROOT}/Pods/Target Support Files/Pods-randomgiphy/Pods-randomgiphy-frameworks.sh\"\n";
			showEnvVarsInLog = 0;
		};
		A062D9154B1BD075ED708592 /* [CP] Check Pods Manifest.lock */ = {
			isa = PBXShellScriptBuildPhase;
			buildActionMask = 2147483647;
			files = (
			);
			inputPaths = (
			);
			name = "[CP] Check Pods Manifest.lock";
			outputPaths = (
			);
			runOnlyForDeploymentPostprocessing = 0;
			shellPath = /bin/sh;
			shellScript = "diff \"${PODS_ROOT}/../Podfile.lock\" \"${PODS_ROOT}/Manifest.lock\" > /dev/null\nif [ $? != 0 ] ; then\n    # print error to STDERR\n    echo \"error: The sandbox is not in sync with the Podfile.lock. Run 'pod install' or update your CocoaPods installation.\" >&2\n    exit 1\nfi\n";
			showEnvVarsInLog = 0;
		};
		D2251B5141BE25D1503A3219 /* [CP] Copy Pods Resources */ = {
			isa = PBXShellScriptBuildPhase;
			buildActionMask = 2147483647;
			files = (
			);
			inputPaths = (
			);
			name = "[CP] Copy Pods Resources";
			outputPaths = (
			);
			runOnlyForDeploymentPostprocessing = 0;
			shellPath = /bin/sh;
			shellScript = "\"${SRCROOT}/Pods/Target Support Files/Pods-randomgiphy/Pods-randomgiphy-resources.sh\"\n";
			showEnvVarsInLog = 0;
		};
/* End PBXShellScriptBuildPhase section */

/* Begin PBXSourcesBuildPhase section */
		5C7721DC1E285344005FEA8A /* Sources */ = {
			isa = PBXSourcesBuildPhase;
			buildActionMask = 2147483647;
			files = (
				5C15E7DD1E35645500545160 /* MeowViewController.m in Sources */,
				5C7721EB1E285344005FEA8A /* ViewController.m in Sources */,
				5C7721E81E285344005FEA8A /* AppDelegate.m in Sources */,
				5C7721FD1E285458005FEA8A /* JSONParser.m in Sources */,
				5C7721E51E285344005FEA8A /* main.m in Sources */,
			);
			runOnlyForDeploymentPostprocessing = 0;
		};
/* End PBXSourcesBuildPhase section */

/* Begin PBXVariantGroup section */
		5C7721EC1E285345005FEA8A /* Main.storyboard */ = {
			isa = PBXVariantGroup;
			children = (
				5C7721ED1E285345005FEA8A /* Base */,
			);
			name = Main.storyboard;
			sourceTree = "<group>";
		};
		5C7721F11E285345005FEA8A /* LaunchScreen.storyboard */ = {
			isa = PBXVariantGroup;
			children = (
				5C7721F21E285345005FEA8A /* Base */,
			);
			name = LaunchScreen.storyboard;
			sourceTree = "<group>";
		};
/* End PBXVariantGroup section */

/* Begin XCBuildConfiguration section */
		5C7721F51E285345005FEA8A /* Debug */ = {
			isa = XCBuildConfiguration;
			buildSettings = {
				ALWAYS_SEARCH_USER_PATHS = NO;
				CLANG_ANALYZER_NONNULL = YES;
				CLANG_CXX_LANGUAGE_STANDARD = "gnu++0x";
				CLANG_CXX_LIBRARY = "libc++";
				CLANG_ENABLE_MODULES = YES;
				CLANG_ENABLE_OBJC_ARC = YES;
				CLANG_WARN_BOOL_CONVERSION = YES;
				CLANG_WARN_CONSTANT_CONVERSION = YES;
				CLANG_WARN_DIRECT_OBJC_ISA_USAGE = YES_ERROR;
				CLANG_WARN_DOCUMENTATION_COMMENTS = YES;
				CLANG_WARN_EMPTY_BODY = YES;
				CLANG_WARN_ENUM_CONVERSION = YES;
				CLANG_WARN_INFINITE_RECURSION = YES;
				CLANG_WARN_INT_CONVERSION = YES;
				CLANG_WARN_OBJC_ROOT_CLASS = YES_ERROR;
				CLANG_WARN_SUSPICIOUS_MOVE = YES;
				CLANG_WARN_UNREACHABLE_CODE = YES;
				CLANG_WARN__DUPLICATE_METHOD_MATCH = YES;
				"CODE_SIGN_IDENTITY[sdk=iphoneos*]" = "iPhone Developer";
				COPY_PHASE_STRIP = NO;
				DEBUG_INFORMATION_FORMAT = dwarf;
				ENABLE_STRICT_OBJC_MSGSEND = YES;
				ENABLE_TESTABILITY = YES;
				GCC_C_LANGUAGE_STANDARD = gnu99;
				GCC_DYNAMIC_NO_PIC = NO;
				GCC_NO_COMMON_BLOCKS = YES;
				GCC_OPTIMIZATION_LEVEL = 0;
				GCC_PREPROCESSOR_DEFINITIONS = (
					"DEBUG=1",
					"$(inherited)",
				);
				GCC_WARN_64_TO_32_BIT_CONVERSION = YES;
				GCC_WARN_ABOUT_RETURN_TYPE = YES_ERROR;
				GCC_WARN_UNDECLARED_SELECTOR = YES;
				GCC_WARN_UNINITIALIZED_AUTOS = YES_AGGRESSIVE;
				GCC_WARN_UNUSED_FUNCTION = YES;
				GCC_WARN_UNUSED_VARIABLE = YES;
				IPHONEOS_DEPLOYMENT_TARGET = 10.2;
				MTL_ENABLE_DEBUG_INFO = YES;
				ONLY_ACTIVE_ARCH = YES;
				SDKROOT = iphoneos;
				TARGETED_DEVICE_FAMILY = "1,2";
			};
			name = Debug;
		};
		5C7721F61E285345005FEA8A /* Release */ = {
			isa = XCBuildConfiguration;
			buildSettings = {
				ALWAYS_SEARCH_USER_PATHS = NO;
				CLANG_ANALYZER_NONNULL = YES;
				CLANG_CXX_LANGUAGE_STANDARD = "gnu++0x";
				CLANG_CXX_LIBRARY = "libc++";
				CLANG_ENABLE_MODULES = YES;
				CLANG_ENABLE_OBJC_ARC = YES;
				CLANG_WARN_BOOL_CONVERSION = YES;
				CLANG_WARN_CONSTANT_CONVERSION = YES;
				CLANG_WARN_DIRECT_OBJC_ISA_USAGE = YES_ERROR;
				CLANG_WARN_DOCUMENTATION_COMMENTS = YES;
				CLANG_WARN_EMPTY_BODY = YES;
				CLANG_WARN_ENUM_CONVERSION = YES;
				CLANG_WARN_INFINITE_RECURSION = YES;
				CLANG_WARN_INT_CONVERSION = YES;
				CLANG_WARN_OBJC_ROOT_CLASS = YES_ERROR;
				CLANG_WARN_SUSPICIOUS_MOVE = YES;
				CLANG_WARN_UNREACHABLE_CODE = YES;
				CLANG_WARN__DUPLICATE_METHOD_MATCH = YES;
				"CODE_SIGN_IDENTITY[sdk=iphoneos*]" = "iPhone Developer";
				COPY_PHASE_STRIP = NO;
				DEBUG_INFORMATION_FORMAT = "dwarf-with-dsym";
				ENABLE_NS_ASSERTIONS = NO;
				ENABLE_STRICT_OBJC_MSGSEND = YES;
				GCC_C_LANGUAGE_STANDARD = gnu99;
				GCC_NO_COMMON_BLOCKS = YES;
				GCC_WARN_64_TO_32_BIT_CONVERSION = YES;
				GCC_WARN_ABOUT_RETURN_TYPE = YES_ERROR;
				GCC_WARN_UNDECLARED_SELECTOR = YES;
				GCC_WARN_UNINITIALIZED_AUTOS = YES_AGGRESSIVE;
				GCC_WARN_UNUSED_FUNCTION = YES;
				GCC_WARN_UNUSED_VARIABLE = YES;
				IPHONEOS_DEPLOYMENT_TARGET = 10.2;
				MTL_ENABLE_DEBUG_INFO = NO;
				SDKROOT = iphoneos;
				TARGETED_DEVICE_FAMILY = "1,2";
				VALIDATE_PRODUCT = YES;
			};
			name = Release;
		};
		5C7721F81E285345005FEA8A /* Debug */ = {
			isa = XCBuildConfiguration;
			baseConfigurationReference = DF6FB25924D50A8ACF0F0E87 /* Pods-randomgiphy.debug.xcconfig */;
			buildSettings = {
				ASSETCATALOG_COMPILER_APPICON_NAME = AppIcon;
				DEVELOPMENT_TEAM = 39XXES98DU;
				INFOPLIST_FILE = randomgiphy/Info.plist;
				LD_RUNPATH_SEARCH_PATHS = "$(inherited) @executable_path/Frameworks";
				PRODUCT_BUNDLE_IDENTIFIER = mycompany.randomgiphy;
				PRODUCT_NAME = "$(TARGET_NAME)";
			};
			name = Debug;
		};
		5C7721F91E285345005FEA8A /* Release */ = {
			isa = XCBuildConfiguration;
			baseConfigurationReference = EB8775EC1C1FD5D55196BBA7 /* Pods-randomgiphy.release.xcconfig */;
			buildSettings = {
				ASSETCATALOG_COMPILER_APPICON_NAME = AppIcon;
				DEVELOPMENT_TEAM = 39XXES98DU;
				INFOPLIST_FILE = randomgiphy/Info.plist;
				LD_RUNPATH_SEARCH_PATHS = "$(inherited) @executable_path/Frameworks";
				PRODUCT_BUNDLE_IDENTIFIER = mycompany.randomgiphy;
				PRODUCT_NAME = "$(TARGET_NAME)";
			};
			name = Release;
		};
/* End XCBuildConfiguration section */

/* Begin XCConfigurationList section */
		5C7721DB1E285344005FEA8A /* Build configuration list for PBXProject "randomgiphy" */ = {
			isa = XCConfigurationList;
			buildConfigurations = (
				5C7721F51E285345005FEA8A /* Debug */,
				5C7721F61E285345005FEA8A /* Release */,
			);
			defaultConfigurationIsVisible = 0;
			defaultConfigurationName = Release;
		};
		5C7721F71E285345005FEA8A /* Build configuration list for PBXNativeTarget "randomgiphy" */ = {
			isa = XCConfigurationList;
			buildConfigurations = (
				5C7721F81E285345005FEA8A /* Debug */,
				5C7721F91E285345005FEA8A /* Release */,
			);
			defaultConfigurationIsVisible = 0;
			defaultConfigurationName = Release;
		};
/* End XCConfigurationList section */
	};
	rootObject = 5C7721D81E285344005FEA8A /* Project object */;
}
